
Microsoft Visual Studio Solution File, Format Version 12.00
# Visual Studio Version 16
VisualStudioVersion = 16.0.31112.23
MinimumVisualStudioVersion = 10.0.40219.1
Project("{9A19103F-16F7-4668-BE54-9A1E7A4F7556}") = "SimpleSnake", "SimpleSnake.csproj", "{B434B7BD-184D-4550-8496-F4DE180357BB}"
EndProject
Global
	GlobalSection(SolutionConfigurationPlatforms) = preSolution
		Debug|Any CPU = Debug|Any CPU
		Release|Any CPU = Release|Any CPU
	EndGlobalSection
	GlobalSection(ProjectConfigurationPlatforms) = postSolution
		{B434B7BD-184D-4550-8496-F4DE180357BB}.Debug|Any CPU.ActiveCfg = Debug|Any CPU
		{B434B7BD-184D-4550-8496-F4DE180357BB}.Debug|Any CPU.Build.0 = Debug|Any CPU
		{B434B7BD-184D-4550-8496-F4DE180357BB}.Release|Any CPU.ActiveCfg = Release|Any CPU
		{B434B7BD-184D-4550-8496-F4DE180357BB}.Release|Any CPU.Build.0 = Release|Any CPU
	EndGlobalSection
	GlobalSection(SolutionProperties) = preSolution
		HideSolutionNode = FALSE
	EndGlobalSection
	GlobalSection(ExtensibilityGlobals) = postSolution
		SolutionGuid = {F85901CF-0E4B-4602-BAA3-65644129F117}
	EndGlobalSection
EndGlobal
